{
  "requires": true,
  "lockfileVersion": 1,
  "dependencies": {
    "@types/node": {
      "version": "13.7.4",
      "resolved": "https://atpdevelopment.pkgs.visualstudio.com/_packaging/Frontend/npm/registry/@types/node/-/node-13.7.4.tgz",
      "integrity": "sha1-dsPLOhKQlRD1Ll3ASmKYzflQT/0="
    },
    "base64-js": {
      "version": "1.3.1",
      "resolved": "https://atpdevelopment.pkgs.visualstudio.com/_packaging/Frontend/npm/registry/base64-js/-/base64-js-1.3.1.tgz",
      "integrity": "sha1-WOzoy3XdB+ce0IxzarxfrE2/jfE="
    },
    "buffer": {
      "version": "5.4.3",
      "resolved": "https://atpdevelopment.pkgs.visualstudio.com/_packaging/Frontend/npm/registry/buffer/-/buffer-5.4.3.tgz",
      "integrity": "sha1-P7ycaetxPTI+P8Gole7gcQwHIRU=",
      "requires": {
        "base64-js": "^1.0.2",
        "ieee754": "^1.1.4"
      }
    },
    "emitter-component": {
      "version": "1.1.1",
      "resolved": "https://atpdevelopment.pkgs.visualstudio.com/_packaging/Frontend/npm/registry/emitter-component/-/emitter-component-1.1.1.tgz",
      "integrity": "sha1-Bl4tvtaVm/RwZ57avq95gdEAOrY="
    },
    "events": {
      "version": "3.1.0",
      "resolved": "https://atpdevelopment.pkgs.visualstudio.com/_packaging/Frontend/npm/registry/events/-/events-3.1.0.tgz",
      "integrity": "sha1-hCea8bNMt1qoi/X/KR9tC9mzGlk="
    },
    "ieee754": {
      "version": "1.1.13",
      "resolved": "https://atpdevelopment.pkgs.visualstudio.com/_packaging/Frontend/npm/registry/ieee754/-/ieee754-1.1.13.tgz",
      "integrity": "sha1-7BaFWOlaoYH9h9N/VcMrvLZwi4Q="
    },
    "stream": {
      "version": "0.0.2",
      "resolved": "https://atpdevelopment.pkgs.visualstudio.com/_packaging/Frontend/npm/registry/stream/-/stream-0.0.2.tgz",
      "integrity": "sha1-f1Nj8Ff2WSxVlfALyAon9c7B8O8=",
      "requires": {
        "emitter-component": "^1.1.1"
      }
    },
    "timers": {
      "version": "0.1.1",
      "resolved": "https://atpdevelopment.pkgs.visualstudio.com/_packaging/Frontend/npm/registry/timers/-/timers-0.1.1.tgz",
      "integrity": "sha1-hqxceMHuQZaU81pY3k/UGDz7nB4="
    }
  }
}
